
Microsoft Visual Studio Solution File, Format Version 12.00
# Visual Studio Version 16
VisualStudioVersion = 16.0.32602.291
MinimumVisualStudioVersion = 10.0.40219.1
Project("{FAE04EC0-301F-11D3-BF4B-00C04F79EFBC}") = "EcommRestfulApiProject", "EcommRestfulApiProject\EcommRestfulApiProject.csproj", "{20B2B20E-D700-488A-9BFA-22B596275DB0}"
EndProject
Global
	GlobalSection(SolutionConfigurationPlatforms) = preSolution
		Debug|Any CPU = Debug|Any CPU
		Release|Any CPU = Release|Any CPU
	EndGlobalSection
	GlobalSection(ProjectConfigurationPlatforms) = postSolution
		{20B2B20E-D700-488A-9BFA-22B596275DB0}.Debug|Any CPU.ActiveCfg = Debug|Any CPU
		{20B2B20E-D700-488A-9BFA-22B596275DB0}.Debug|Any CPU.Build.0 = Debug|Any CPU
		{20B2B20E-D700-488A-9BFA-22B596275DB0}.Release|Any CPU.ActiveCfg = Release|Any CPU
		{20B2B20E-D700-488A-9BFA-22B596275DB0}.Release|Any CPU.Build.0 = Release|Any CPU
	EndGlobalSection
	GlobalSection(SolutionProperties) = preSolution
		HideSolutionNode = FALSE
	EndGlobalSection
	GlobalSection(ExtensibilityGlobals) = postSolution
		SolutionGuid = {CE013916-48C5-4391-9FBB-534E93B113A5}
	EndGlobalSection
EndGlobal
